
Microsoft Visual Studio Solution File, Format Version 12.00
Project("{FAE04EC0-301F-11D3-BF4B-00C04F79EFBC}") = "Exceptions", "Exceptions\Exceptions.csproj", "{BFFE578A-664C-432F-8F0B-B0590CDE4EFF}"
EndProject
Global
	GlobalSection(SolutionConfigurationPlatforms) = preSolution
		Debug|Any CPU = Debug|Any CPU
		Release|Any CPU = Release|Any CPU
	EndGlobalSection
	GlobalSection(ProjectConfigurationPlatforms) = postSolution
		{BFFE578A-664C-432F-8F0B-B0590CDE4EFF}.Debug|Any CPU.ActiveCfg = Debug|Any CPU
		{BFFE578A-664C-432F-8F0B-B0590CDE4EFF}.Debug|Any CPU.Build.0 = Debug|Any CPU
		{BFFE578A-664C-432F-8F0B-B0590CDE4EFF}.Release|Any CPU.ActiveCfg = Release|Any CPU
		{BFFE578A-664C-432F-8F0B-B0590CDE4EFF}.Release|Any CPU.Build.0 = Release|Any CPU
	EndGlobalSection
EndGlobal
